<?xml version="1.0" encoding="utf-8"?>
<Project ToolsVersion="4.0" xmlns="http://schemas.microsoft.com/developer/msbuild/2003">
  <ItemGroup>
    <Filter Include="Source Files">
      <UniqueIdentifier>{4FC737F1-C7A5-4376-A066-2A32D752A2FF}</UniqueIdentifier>
      <Extensions>cpp;c;cc;cxx;def;odl;idl;hpj;bat;asm;asmx</Extensions>
    </Filter>
    <Filter Include="Header Files">
      <UniqueIdentifier>{93995380-89BD-4b04-88EB-625FBE52EBFB}</UniqueIdentifier>
      <Extensions>h;hpp;hxx;hm;inl;inc;xsd</Extensions>
    </Filter>
    <Filter Include="Resource Files">
      <UniqueIdentifier>{67DA6AB6-F800-4c08-8B7A-83BB121AAD01}</UniqueIdentifier>
      <Extensions>rc;ico;cur;bmp;dlg;rc2;rct;bin;rgs;gif;jpg;jpeg;jpe;resx;tiff;tif;png;wav;mfcribbon-ms</Extensions>
    </Filter>
  </ItemGroup>
  <ItemGroup>
    <ClInclude Include="Piece.h">
      <Filter>Header Files</Filter>
    </ClInclude>
    <ClInclude Include="Square.h">
      <Filter>Header Files</Filter>
    </ClInclude>
    <ClInclude Include="WindowGame.h">
      <Filter>Header Files</Filter>
    </ClInclude>
    <ClInclude Include="PieceSet.h">
      <Filter>Header Files</Filter>
    </ClInclude>
    <ClInclude Include="BoardChess.h">
      <Filter>Header Files</Filter>
    </ClInclude>
    <ClInclude Include="Game.h">
      <Filter>Header Files</Filter>
    </ClInclude>
    <ClInclude Include="Player.h">
      <Filter>Header Files</Filter>
    </ClInclude>
    <ClInclude Include="Mouse.h">
      <Filter>Header Files</Filter>
    </ClInclude>
    <ClInclude Include="EventInput.h">
      <Filter>Header Files</Filter>
    </ClInclude>
    <ClInclude Include="MenuGame.h">
      <Filter>Header Files</Filter>
    </ClInclude>
    <ClInclude Include="SoundGame.h">
      <Filter>Header Files</Filter>
    </ClInclude>
    <ClInclude Include="MusicGame.h">
      <Filter>Header Files</Filter>
    </ClInclude>
    <ClInclude Include="Connector.h">
      <Filter>Header Files</Filter>
    </ClInclude>
  </ItemGroup>
  <ItemGroup>
    <ClCompile Include="main.cpp">
      <Filter>Source Files</Filter>
    </ClCompile>
    <ClCompile Include="Square.cpp">
      <Filter>Resource Files</Filter>
    </ClCompile>
    <ClCompile Include="Piece.cpp">
      <Filter>Resource Files</Filter>
    </ClCompile>
    <ClCompile Include="WindowGame.cpp">
      <Filter>Resource Files</Filter>
    </ClCompile>
    <ClCompile Include="PieceSet.cpp">
      <Filter>Resource Files</Filter>
    </ClCompile>
    <ClCompile Include="BoardChess.cpp">
      <Filter>Resource Files</Filter>
    </ClCompile>
    <ClCompile Include="Mouse.cpp">
      <Filter>Resource Files</Filter>
    </ClCompile>
    <ClCompile Include="SoundGame.cpp">
      <Filter>Resource Files</Filter>
    </ClCompile>
    <ClCompile Include="MusicGame.cpp">
      <Filter>Resource Files</Filter>
    </ClCompile>
    <ClCompile Include="Game.cpp">
      <Filter>Resource Files</Filter>
    </ClCompile>
    <ClCompile Include="Player.cpp">
      <Filter>Resource Files</Filter>
    </ClCompile>
    <ClCompile Include="EventInput.cpp">
      <Filter>Resource Files</Filter>
    </ClCompile>
    <ClCompile Include="MenuGame.cpp">
      <Filter>Resource Files</Filter>
    </ClCompile>
    <ClCompile Include="Connector.cpp">
      <Filter>Resource Files</Filter>
    </ClCompile>
  </ItemGroup>
</Project>