
Microsoft Visual Studio Solution File, Format Version 12.00
# Visual Studio 2012
Project("{8BC9CEB8-8B4A-11D0-8D11-00A0C91BC942}") = "game", "game\game.vcxproj", "{863E6E2B-21AB-431F-955F-FBEBF77105D6}"
EndProject
Project("{8BC9CEB8-8B4A-11D0-8D11-00A0C91BC942}") = "chess", "chess\chess.vcxproj", "{C44E25E1-D303-440A-A059-722D6121A05E}"
EndProject
Global
	GlobalSection(SolutionConfigurationPlatforms) = preSolution
		Debug|Win32 = Debug|Win32
		Debug|x64 = Debug|x64
		Release|Win32 = Release|Win32
		Release|x64 = Release|x64
	EndGlobalSection
	GlobalSection(ProjectConfigurationPlatforms) = postSolution
		{863E6E2B-21AB-431F-955F-FBEBF77105D6}.Debug|Win32.ActiveCfg = Debug|Win32
		{863E6E2B-21AB-431F-955F-FBEBF77105D6}.Debug|Win32.Build.0 = Debug|Win32
		{863E6E2B-21AB-431F-955F-FBEBF77105D6}.Debug|x64.ActiveCfg = Debug|x64
		{863E6E2B-21AB-431F-955F-FBEBF77105D6}.Debug|x64.Build.0 = Debug|x64
		{863E6E2B-21AB-431F-955F-FBEBF77105D6}.Release|Win32.ActiveCfg = Release|Win32
		{863E6E2B-21AB-431F-955F-FBEBF77105D6}.Release|Win32.Build.0 = Release|Win32
		{863E6E2B-21AB-431F-955F-FBEBF77105D6}.Release|x64.ActiveCfg = Release|x64
		{863E6E2B-21AB-431F-955F-FBEBF77105D6}.Release|x64.Build.0 = Release|x64
		{C44E25E1-D303-440A-A059-722D6121A05E}.Debug|Win32.ActiveCfg = Debug|Win32
		{C44E25E1-D303-440A-A059-722D6121A05E}.Debug|Win32.Build.0 = Debug|Win32
		{C44E25E1-D303-440A-A059-722D6121A05E}.Debug|x64.ActiveCfg = Debug|Win32
		{C44E25E1-D303-440A-A059-722D6121A05E}.Release|Win32.ActiveCfg = Release|Win32
		{C44E25E1-D303-440A-A059-722D6121A05E}.Release|Win32.Build.0 = Release|Win32
		{C44E25E1-D303-440A-A059-722D6121A05E}.Release|x64.ActiveCfg = Release|Win32
	EndGlobalSection
	GlobalSection(SolutionProperties) = preSolution
		HideSolutionNode = FALSE
	EndGlobalSection
EndGlobal
